
Microsoft Visual Studio Solution File, Format Version 12.00
# Visual Studio Version 16
VisualStudioVersion = 16.0.31702.278
MinimumVisualStudioVersion = 10.0.40219.1
Project("{FAE04EC0-301F-11D3-BF4B-00C04F79EFBC}") = "lab4", "lab4\lab4.csproj", "{7646434C-129C-49A2-A544-716E08A641EC}"
EndProject
Global
	GlobalSection(SolutionConfigurationPlatforms) = preSolution
		Debug|Any CPU = Debug|Any CPU
		Release|Any CPU = Release|Any CPU
	EndGlobalSection
	GlobalSection(ProjectConfigurationPlatforms) = postSolution
		{7646434C-129C-49A2-A544-716E08A641EC}.Debug|Any CPU.ActiveCfg = Debug|Any CPU
		{7646434C-129C-49A2-A544-716E08A641EC}.Debug|Any CPU.Build.0 = Debug|Any CPU
		{7646434C-129C-49A2-A544-716E08A641EC}.Release|Any CPU.ActiveCfg = Release|Any CPU
		{7646434C-129C-49A2-A544-716E08A641EC}.Release|Any CPU.Build.0 = Release|Any CPU
	EndGlobalSection
	GlobalSection(SolutionProperties) = preSolution
		HideSolutionNode = FALSE
	EndGlobalSection
	GlobalSection(ExtensibilityGlobals) = postSolution
		SolutionGuid = {14E7ED06-FB7E-45AC-A6BC-BED86CF8BA9C}
	EndGlobalSection
EndGlobal
